
Microsoft Visual Studio Solution File, Format Version 12.00
# Visual Studio Version 17
VisualStudioVersion = 17.11.35222.181
MinimumVisualStudioVersion = 10.0.40219.1
Project("{8BC9CEB8-8B4A-11D0-8D11-00A0C91BC942}") = "Lab4.4", "Lab4.4.vcxproj", "{5715759E-B7C7-41E4-BDB3-569B86555BE6}"
EndProject
Global
	GlobalSection(SolutionConfigurationPlatforms) = preSolution
		Debug|x64 = Debug|x64
		Debug|x86 = Debug|x86
		Release|x64 = Release|x64
		Release|x86 = Release|x86
	EndGlobalSection
	GlobalSection(ProjectConfigurationPlatforms) = postSolution
		{5715759E-B7C7-41E4-BDB3-569B86555BE6}.Debug|x64.ActiveCfg = Debug|x64
		{5715759E-B7C7-41E4-BDB3-569B86555BE6}.Debug|x64.Build.0 = Debug|x64
		{5715759E-B7C7-41E4-BDB3-569B86555BE6}.Debug|x86.ActiveCfg = Debug|Win32
		{5715759E-B7C7-41E4-BDB3-569B86555BE6}.Debug|x86.Build.0 = Debug|Win32
		{5715759E-B7C7-41E4-BDB3-569B86555BE6}.Release|x64.ActiveCfg = Release|x64
		{5715759E-B7C7-41E4-BDB3-569B86555BE6}.Release|x64.Build.0 = Release|x64
		{5715759E-B7C7-41E4-BDB3-569B86555BE6}.Release|x86.ActiveCfg = Release|Win32
		{5715759E-B7C7-41E4-BDB3-569B86555BE6}.Release|x86.Build.0 = Release|Win32
	EndGlobalSection
	GlobalSection(SolutionProperties) = preSolution
		HideSolutionNode = FALSE
	EndGlobalSection
	GlobalSection(ExtensibilityGlobals) = postSolution
		SolutionGuid = {63BCEDAF-55F3-441B-BBA0-FC5A1358E2C9}
	EndGlobalSection
EndGlobal
